
Microsoft Visual Studio Solution File, Format Version 12.00
# Visual Studio Version 17
VisualStudioVersion = 17.0.32014.148
MinimumVisualStudioVersion = 10.0.40219.1
Project("{FAE04EC0-301F-11D3-BF4B-00C04F79EFBC}") = "negativos_matriz", "negativos_matriz\negativos_matriz.csproj", "{1335839F-62BD-4236-8D3F-E623BB486270}"
EndProject
Global
	GlobalSection(SolutionConfigurationPlatforms) = preSolution
		Debug|Any CPU = Debug|Any CPU
		Release|Any CPU = Release|Any CPU
	EndGlobalSection
	GlobalSection(ProjectConfigurationPlatforms) = postSolution
		{1335839F-62BD-4236-8D3F-E623BB486270}.Debug|Any CPU.ActiveCfg = Debug|Any CPU
		{1335839F-62BD-4236-8D3F-E623BB486270}.Debug|Any CPU.Build.0 = Debug|Any CPU
		{1335839F-62BD-4236-8D3F-E623BB486270}.Release|Any CPU.ActiveCfg = Release|Any CPU
		{1335839F-62BD-4236-8D3F-E623BB486270}.Release|Any CPU.Build.0 = Release|Any CPU
	EndGlobalSection
	GlobalSection(SolutionProperties) = preSolution
		HideSolutionNode = FALSE
	EndGlobalSection
	GlobalSection(ExtensibilityGlobals) = postSolution
		SolutionGuid = {7017A97D-329E-41F5-A502-A52E6D553331}
	EndGlobalSection
EndGlobal
