
Microsoft Visual Studio Solution File, Format Version 12.00
# Visual Studio Version 17
VisualStudioVersion = 17.0.32014.148
MinimumVisualStudioVersion = 10.0.40219.1
Project("{FAE04EC0-301F-11D3-BF4B-00C04F79EFBC}") = "quadrante", "quadrante\quadrante.csproj", "{B23014B0-5E6D-42E8-BF84-334EB160BE62}"
EndProject
Global
	GlobalSection(SolutionConfigurationPlatforms) = preSolution
		Debug|Any CPU = Debug|Any CPU
		Release|Any CPU = Release|Any CPU
	EndGlobalSection
	GlobalSection(ProjectConfigurationPlatforms) = postSolution
		{B23014B0-5E6D-42E8-BF84-334EB160BE62}.Debug|Any CPU.ActiveCfg = Debug|Any CPU
		{B23014B0-5E6D-42E8-BF84-334EB160BE62}.Debug|Any CPU.Build.0 = Debug|Any CPU
		{B23014B0-5E6D-42E8-BF84-334EB160BE62}.Release|Any CPU.ActiveCfg = Release|Any CPU
		{B23014B0-5E6D-42E8-BF84-334EB160BE62}.Release|Any CPU.Build.0 = Release|Any CPU
	EndGlobalSection
	GlobalSection(SolutionProperties) = preSolution
		HideSolutionNode = FALSE
	EndGlobalSection
	GlobalSection(ExtensibilityGlobals) = postSolution
		SolutionGuid = {6F8AAAF5-B3F1-4820-984C-1F0BD1FA7790}
	EndGlobalSection
EndGlobal
