
Microsoft Visual Studio Solution File, Format Version 12.00
# Visual Studio Version 17
VisualStudioVersion = 17.0.32014.148
MinimumVisualStudioVersion = 10.0.40219.1
Project("{FAE04EC0-301F-11D3-BF4B-00C04F79EFBC}") = "media_pares", "media_pares\media_pares.csproj", "{92F962E8-B025-4455-83F8-F6E92D217C6E}"
EndProject
Global
	GlobalSection(SolutionConfigurationPlatforms) = preSolution
		Debug|Any CPU = Debug|Any CPU
		Release|Any CPU = Release|Any CPU
	EndGlobalSection
	GlobalSection(ProjectConfigurationPlatforms) = postSolution
		{92F962E8-B025-4455-83F8-F6E92D217C6E}.Debug|Any CPU.ActiveCfg = Debug|Any CPU
		{92F962E8-B025-4455-83F8-F6E92D217C6E}.Debug|Any CPU.Build.0 = Debug|Any CPU
		{92F962E8-B025-4455-83F8-F6E92D217C6E}.Release|Any CPU.ActiveCfg = Release|Any CPU
		{92F962E8-B025-4455-83F8-F6E92D217C6E}.Release|Any CPU.Build.0 = Release|Any CPU
	EndGlobalSection
	GlobalSection(SolutionProperties) = preSolution
		HideSolutionNode = FALSE
	EndGlobalSection
	GlobalSection(ExtensibilityGlobals) = postSolution
		SolutionGuid = {08422BD2-7234-4F1E-9C14-6B39288BBE9B}
	EndGlobalSection
EndGlobal
