
Microsoft Visual Studio Solution File, Format Version 12.00
# Visual Studio Version 17
VisualStudioVersion = 17.0.32014.148
MinimumVisualStudioVersion = 10.0.40219.1
Project("{FAE04EC0-301F-11D3-BF4B-00C04F79EFBC}") = "tabuada", "tabuada\tabuada.csproj", "{CBD5D404-4365-4E6B-9B78-522EF70EAB6C}"
EndProject
Global
	GlobalSection(SolutionConfigurationPlatforms) = preSolution
		Debug|Any CPU = Debug|Any CPU
		Release|Any CPU = Release|Any CPU
	EndGlobalSection
	GlobalSection(ProjectConfigurationPlatforms) = postSolution
		{CBD5D404-4365-4E6B-9B78-522EF70EAB6C}.Debug|Any CPU.ActiveCfg = Debug|Any CPU
		{CBD5D404-4365-4E6B-9B78-522EF70EAB6C}.Debug|Any CPU.Build.0 = Debug|Any CPU
		{CBD5D404-4365-4E6B-9B78-522EF70EAB6C}.Release|Any CPU.ActiveCfg = Release|Any CPU
		{CBD5D404-4365-4E6B-9B78-522EF70EAB6C}.Release|Any CPU.Build.0 = Release|Any CPU
	EndGlobalSection
	GlobalSection(SolutionProperties) = preSolution
		HideSolutionNode = FALSE
	EndGlobalSection
	GlobalSection(ExtensibilityGlobals) = postSolution
		SolutionGuid = {457116BB-09AC-4D3C-90E9-8E2193F8C786}
	EndGlobalSection
EndGlobal
