
Microsoft Visual Studio Solution File, Format Version 12.00
# Visual Studio Version 17
VisualStudioVersion = 17.0.32014.148
MinimumVisualStudioVersion = 10.0.40219.1
Project("{FAE04EC0-301F-11D3-BF4B-00C04F79EFBC}") = "notas", "notas\notas.csproj", "{D9BED936-0B0B-41C1-AFA3-CBA6CD42138F}"
EndProject
Global
	GlobalSection(SolutionConfigurationPlatforms) = preSolution
		Debug|Any CPU = Debug|Any CPU
		Release|Any CPU = Release|Any CPU
	EndGlobalSection
	GlobalSection(ProjectConfigurationPlatforms) = postSolution
		{D9BED936-0B0B-41C1-AFA3-CBA6CD42138F}.Debug|Any CPU.ActiveCfg = Debug|Any CPU
		{D9BED936-0B0B-41C1-AFA3-CBA6CD42138F}.Debug|Any CPU.Build.0 = Debug|Any CPU
		{D9BED936-0B0B-41C1-AFA3-CBA6CD42138F}.Release|Any CPU.ActiveCfg = Release|Any CPU
		{D9BED936-0B0B-41C1-AFA3-CBA6CD42138F}.Release|Any CPU.Build.0 = Release|Any CPU
	EndGlobalSection
	GlobalSection(SolutionProperties) = preSolution
		HideSolutionNode = FALSE
	EndGlobalSection
	GlobalSection(ExtensibilityGlobals) = postSolution
		SolutionGuid = {093EFE82-0560-4F79-AF6E-D2F1751ADFBF}
	EndGlobalSection
EndGlobal
