
Microsoft Visual Studio Solution File, Format Version 12.00
# Visual Studio Version 17
VisualStudioVersion = 17.0.32014.148
MinimumVisualStudioVersion = 10.0.40219.1
Project("{FAE04EC0-301F-11D3-BF4B-00C04F79EFBC}") = "negativos", "negativos\negativos.csproj", "{B001AA53-4528-49DE-949E-554269284C56}"
EndProject
Global
	GlobalSection(SolutionConfigurationPlatforms) = preSolution
		Debug|Any CPU = Debug|Any CPU
		Release|Any CPU = Release|Any CPU
	EndGlobalSection
	GlobalSection(ProjectConfigurationPlatforms) = postSolution
		{B001AA53-4528-49DE-949E-554269284C56}.Debug|Any CPU.ActiveCfg = Debug|Any CPU
		{B001AA53-4528-49DE-949E-554269284C56}.Debug|Any CPU.Build.0 = Debug|Any CPU
		{B001AA53-4528-49DE-949E-554269284C56}.Release|Any CPU.ActiveCfg = Release|Any CPU
		{B001AA53-4528-49DE-949E-554269284C56}.Release|Any CPU.Build.0 = Release|Any CPU
	EndGlobalSection
	GlobalSection(SolutionProperties) = preSolution
		HideSolutionNode = FALSE
	EndGlobalSection
	GlobalSection(ExtensibilityGlobals) = postSolution
		SolutionGuid = {32A92AE7-3214-4E26-95B4-C0BD6B5EB691}
	EndGlobalSection
EndGlobal
