
Microsoft Visual Studio Solution File, Format Version 12.00
# Visual Studio Version 17
VisualStudioVersion = 17.0.32014.148
MinimumVisualStudioVersion = 10.0.40219.1
Project("{FAE04EC0-301F-11D3-BF4B-00C04F79EFBC}") = "pares_consecutivos", "pares_consecutivos\pares_consecutivos.csproj", "{4E20E5E4-33DB-4405-AFEC-56D44EF7CB2A}"
EndProject
Global
	GlobalSection(SolutionConfigurationPlatforms) = preSolution
		Debug|Any CPU = Debug|Any CPU
		Release|Any CPU = Release|Any CPU
	EndGlobalSection
	GlobalSection(ProjectConfigurationPlatforms) = postSolution
		{4E20E5E4-33DB-4405-AFEC-56D44EF7CB2A}.Debug|Any CPU.ActiveCfg = Debug|Any CPU
		{4E20E5E4-33DB-4405-AFEC-56D44EF7CB2A}.Debug|Any CPU.Build.0 = Debug|Any CPU
		{4E20E5E4-33DB-4405-AFEC-56D44EF7CB2A}.Release|Any CPU.ActiveCfg = Release|Any CPU
		{4E20E5E4-33DB-4405-AFEC-56D44EF7CB2A}.Release|Any CPU.Build.0 = Release|Any CPU
	EndGlobalSection
	GlobalSection(SolutionProperties) = preSolution
		HideSolutionNode = FALSE
	EndGlobalSection
	GlobalSection(ExtensibilityGlobals) = postSolution
		SolutionGuid = {1AAC0C0C-D714-4C30-A374-5BCE73C1A7B2}
	EndGlobalSection
EndGlobal
