
Microsoft Visual Studio Solution File, Format Version 12.00
# Visual Studio Version 17
VisualStudioVersion = 17.0.32014.148
MinimumVisualStudioVersion = 10.0.40219.1
Project("{FAE04EC0-301F-11D3-BF4B-00C04F79EFBC}") = "multiplos", "multiplos\multiplos.csproj", "{C0630740-18B5-4659-841E-37083861EA6F}"
EndProject
Global
	GlobalSection(SolutionConfigurationPlatforms) = preSolution
		Debug|Any CPU = Debug|Any CPU
		Release|Any CPU = Release|Any CPU
	EndGlobalSection
	GlobalSection(ProjectConfigurationPlatforms) = postSolution
		{C0630740-18B5-4659-841E-37083861EA6F}.Debug|Any CPU.ActiveCfg = Debug|Any CPU
		{C0630740-18B5-4659-841E-37083861EA6F}.Debug|Any CPU.Build.0 = Debug|Any CPU
		{C0630740-18B5-4659-841E-37083861EA6F}.Release|Any CPU.ActiveCfg = Release|Any CPU
		{C0630740-18B5-4659-841E-37083861EA6F}.Release|Any CPU.Build.0 = Release|Any CPU
	EndGlobalSection
	GlobalSection(SolutionProperties) = preSolution
		HideSolutionNode = FALSE
	EndGlobalSection
	GlobalSection(ExtensibilityGlobals) = postSolution
		SolutionGuid = {59390BD0-F6E5-4805-B6F9-929137557ADD}
	EndGlobalSection
EndGlobal
