
Microsoft Visual Studio Solution File, Format Version 12.00
# Visual Studio Version 17
VisualStudioVersion = 17.0.32014.148
MinimumVisualStudioVersion = 10.0.40219.1
Project("{FAE04EC0-301F-11D3-BF4B-00C04F79EFBC}") = "baskara", "baskara\baskara.csproj", "{BEFD5F13-B5FD-43E1-A51D-75252C25C4D3}"
EndProject
Global
	GlobalSection(SolutionConfigurationPlatforms) = preSolution
		Debug|Any CPU = Debug|Any CPU
		Release|Any CPU = Release|Any CPU
	EndGlobalSection
	GlobalSection(ProjectConfigurationPlatforms) = postSolution
		{BEFD5F13-B5FD-43E1-A51D-75252C25C4D3}.Debug|Any CPU.ActiveCfg = Debug|Any CPU
		{BEFD5F13-B5FD-43E1-A51D-75252C25C4D3}.Debug|Any CPU.Build.0 = Debug|Any CPU
		{BEFD5F13-B5FD-43E1-A51D-75252C25C4D3}.Release|Any CPU.ActiveCfg = Release|Any CPU
		{BEFD5F13-B5FD-43E1-A51D-75252C25C4D3}.Release|Any CPU.Build.0 = Release|Any CPU
	EndGlobalSection
	GlobalSection(SolutionProperties) = preSolution
		HideSolutionNode = FALSE
	EndGlobalSection
	GlobalSection(ExtensibilityGlobals) = postSolution
		SolutionGuid = {C2F637A3-84FD-42B4-95D5-FEA38DFBF206}
	EndGlobalSection
EndGlobal
